
Microsoft Visual Studio Solution File, Format Version 12.00
# Visual Studio Version 16
VisualStudioVersion = 16.0.29123.88
MinimumVisualStudioVersion = 10.0.40219.1
Project("{FAE04EC0-301F-11D3-BF4B-00C04F79EFBC}") = "Presentacion", "Presentacion\Presentacion.csproj", "{A916C030-CDD4-4590-8AB8-D90C1EC325E2}"
EndProject
Project("{FAE04EC0-301F-11D3-BF4B-00C04F79EFBC}") = "Datos", "Datos\Datos.csproj", "{2F0190F6-4288-414D-BF0E-332B44D95FED}"
EndProject
Project("{FAE04EC0-301F-11D3-BF4B-00C04F79EFBC}") = "Negocios", "Negocios\Negocios.csproj", "{39C9C785-E23A-4B6F-B40E-FDB21EB90160}"
EndProject
Global
	GlobalSection(SolutionConfigurationPlatforms) = preSolution
		Debug|Any CPU = Debug|Any CPU
		Release|Any CPU = Release|Any CPU
	EndGlobalSection
	GlobalSection(ProjectConfigurationPlatforms) = postSolution
		{A916C030-CDD4-4590-8AB8-D90C1EC325E2}.Debug|Any CPU.ActiveCfg = Debug|Any CPU
		{A916C030-CDD4-4590-8AB8-D90C1EC325E2}.Debug|Any CPU.Build.0 = Debug|Any CPU
		{A916C030-CDD4-4590-8AB8-D90C1EC325E2}.Release|Any CPU.ActiveCfg = Release|Any CPU
		{A916C030-CDD4-4590-8AB8-D90C1EC325E2}.Release|Any CPU.Build.0 = Release|Any CPU
		{2F0190F6-4288-414D-BF0E-332B44D95FED}.Debug|Any CPU.ActiveCfg = Debug|Any CPU
		{2F0190F6-4288-414D-BF0E-332B44D95FED}.Debug|Any CPU.Build.0 = Debug|Any CPU
		{2F0190F6-4288-414D-BF0E-332B44D95FED}.Release|Any CPU.ActiveCfg = Release|Any CPU
		{2F0190F6-4288-414D-BF0E-332B44D95FED}.Release|Any CPU.Build.0 = Release|Any CPU
		{39C9C785-E23A-4B6F-B40E-FDB21EB90160}.Debug|Any CPU.ActiveCfg = Debug|Any CPU
		{39C9C785-E23A-4B6F-B40E-FDB21EB90160}.Debug|Any CPU.Build.0 = Debug|Any CPU
		{39C9C785-E23A-4B6F-B40E-FDB21EB90160}.Release|Any CPU.ActiveCfg = Release|Any CPU
		{39C9C785-E23A-4B6F-B40E-FDB21EB90160}.Release|Any CPU.Build.0 = Release|Any CPU
	EndGlobalSection
	GlobalSection(SolutionProperties) = preSolution
		HideSolutionNode = FALSE
	EndGlobalSection
	GlobalSection(ExtensibilityGlobals) = postSolution
		SolutionGuid = {68808A85-3AE8-46EC-9007-7482FBBCBBCA}
	EndGlobalSection
EndGlobal
